// !$*UTF8*$!
{
	archiveVersion = 1;
	classes = {
	};
	objectVersion = 48;
	objects = {

/* Begin PBXBuildFile section */
		601898431FD9221F0009B827 /* GoogleService-Info.plist in Resources */ = {isa = PBXBuildFile; fileRef = 601898421FD91F370009B827 /* GoogleService-Info.plist */; };
		604C892E1FD0F98700493A68 /* LikeService.swift in Sources */ = {isa = PBXBuildFile; fileRef = 604C892D1FD0F98700493A68 /* LikeService.swift */; };
		60817B8D1FD4ED53002B937D /* FollowService.swift in Sources */ = {isa = PBXBuildFile; fileRef = 60817B8C1FD4ED53002B937D /* FollowService.swift */; };
		60817B911FD4EFA9002B937D /* FindFriends.storyboard in Resources */ = {isa = PBXBuildFile; fileRef = 60817B901FD4EFA9002B937D /* FindFriends.storyboard */; };
		60817B931FD4F0BE002B937D /* FindFriendsCell.swift in Sources */ = {isa = PBXBuildFile; fileRef = 60817B921FD4F0BE002B937D /* FindFriendsCell.swift */; };
		60817B951FD52BD6002B937D /* DatabaseReference+Location.swift in Sources */ = {isa = PBXBuildFile; fileRef = 60817B941FD52BD6002B937D /* DatabaseReference+Location.swift */; };
		60817B971FD53AEA002B937D /* UITableView+Utility.swift in Sources */ = {isa = PBXBuildFile; fileRef = 60817B961FD53AEA002B937D /* UITableView+Utility.swift */; };
		60817B991FD53F56002B937D /* MGPaginationHelper.swift in Sources */ = {isa = PBXBuildFile; fileRef = 60817B981FD53F56002B937D /* MGPaginationHelper.swift */; };
		60817BAF1FD55A2F002B937D /* OpenSans-Bold.ttf in Resources */ = {isa = PBXBuildFile; fileRef = 60817B9D1FD55A07002B937D /* OpenSans-Bold.ttf */; };
		60817BB01FD55A2F002B937D /* OpenSans-BoldItalic.ttf in Resources */ = {isa = PBXBuildFile; fileRef = 60817BA31FD55A0B002B937D /* OpenSans-BoldItalic.ttf */; };
		60817BB11FD55A2F002B937D /* OpenSans-ExtraBold.ttf in Resources */ = {isa = PBXBuildFile; fileRef = 60817BA21FD55A0A002B937D /* OpenSans-ExtraBold.ttf */; };
		60817BB21FD55A2F002B937D /* OpenSans-ExtraBoldItalic.ttf in Resources */ = {isa = PBXBuildFile; fileRef = 60817B9C1FD55A06002B937D /* OpenSans-ExtraBoldItalic.ttf */; };
		60817BB31FD55A2F002B937D /* OpenSans-Italic.ttf in Resources */ = {isa = PBXBuildFile; fileRef = 60817BA11FD55A0A002B937D /* OpenSans-Italic.ttf */; };
		60817BB41FD55A2F002B937D /* OpenSans-Light.ttf in Resources */ = {isa = PBXBuildFile; fileRef = 60817B9E1FD55A08002B937D /* OpenSans-Light.ttf */; };
		60817BB51FD55A2F002B937D /* OpenSans-LightItalic.ttf in Resources */ = {isa = PBXBuildFile; fileRef = 60817BA41FD55A0C002B937D /* OpenSans-LightItalic.ttf */; };
		60817BB61FD55A2F002B937D /* OpenSans-Regular.ttf in Resources */ = {isa = PBXBuildFile; fileRef = 60817B9B1FD55A05002B937D /* OpenSans-Regular.ttf */; };
		60817BB71FD55A2F002B937D /* OpenSans-Semibold.ttf in Resources */ = {isa = PBXBuildFile; fileRef = 60817B9F1FD55A08002B937D /* OpenSans-Semibold.ttf */; };
		60817BB81FD55A2F002B937D /* OpenSans-SemiboldItalic.ttf in Resources */ = {isa = PBXBuildFile; fileRef = 60817BA01FD55A09002B937D /* OpenSans-SemiboldItalic.ttf */; };
		60817BBA1FD638B1002B937D /* UIColor+Utility.swift in Sources */ = {isa = PBXBuildFile; fileRef = 60817BB91FD638B1002B937D /* UIColor+Utility.swift */; };
		60817BBC1FD64584002B937D /* ProfileViewController.swift in Sources */ = {isa = PBXBuildFile; fileRef = 60817BBB1FD64584002B937D /* ProfileViewController.swift */; };
		60817BBE1FD6470D002B937D /* Profile.storyboard in Resources */ = {isa = PBXBuildFile; fileRef = 60817BBD1FD6470D002B937D /* Profile.storyboard */; };
		60817BC01FD648E3002B937D /* PostThumbImageCell.swift in Sources */ = {isa = PBXBuildFile; fileRef = 60817BBF1FD648E3002B937D /* PostThumbImageCell.swift */; };
		60817BC31FD65123002B937D /* ProfileHeaderView.swift in Sources */ = {isa = PBXBuildFile; fileRef = 60817BC21FD65123002B937D /* ProfileHeaderView.swift */; };
		60817BC51FD68486002B937D /* Chat.swift in Sources */ = {isa = PBXBuildFile; fileRef = 60817BC41FD68486002B937D /* Chat.swift */; };
		60817BC71FD687DA002B937D /* Message.swift in Sources */ = {isa = PBXBuildFile; fileRef = 60817BC61FD687DA002B937D /* Message.swift */; };
		60817BC91FD68AAC002B937D /* ChatService.swift in Sources */ = {isa = PBXBuildFile; fileRef = 60817BC81FD68AAC002B937D /* ChatService.swift */; };
		60817BCB1FD69286002B937D /* ChatListViewController.swift in Sources */ = {isa = PBXBuildFile; fileRef = 60817BCA1FD69286002B937D /* ChatListViewController.swift */; };
		60817BCD1FD69299002B937D /* NewChatViewController.swift in Sources */ = {isa = PBXBuildFile; fileRef = 60817BCC1FD69299002B937D /* NewChatViewController.swift */; };
		60817BCF1FD692AE002B937D /* ChatViewController.swift in Sources */ = {isa = PBXBuildFile; fileRef = 60817BCE1FD692AE002B937D /* ChatViewController.swift */; };
		60817BD31FD69569002B937D /* Chat.storyboard in Resources */ = {isa = PBXBuildFile; fileRef = 60817BD21FD69569002B937D /* Chat.storyboard */; };
		60817BD51FD69907002B937D /* ChatListCell.swift in Sources */ = {isa = PBXBuildFile; fileRef = 60817BD41FD69907002B937D /* ChatListCell.swift */; };
		60817BD71FD69EAF002B937D /* NewChatUserCell.swift in Sources */ = {isa = PBXBuildFile; fileRef = 60817BD61FD69EAF002B937D /* NewChatUserCell.swift */; };
		60E8A4CF1FCE4896000C5401 /* AppDelegate.swift in Sources */ = {isa = PBXBuildFile; fileRef = 60E8A4CE1FCE4896000C5401 /* AppDelegate.swift */; };
		60E8A4D61FCE4896000C5401 /* Assets.xcassets in Resources */ = {isa = PBXBuildFile; fileRef = 60E8A4D51FCE4896000C5401 /* Assets.xcassets */; };
		60E8A5031FCE55E7000C5401 /* Main.storyboard in Resources */ = {isa = PBXBuildFile; fileRef = 60E8A4F61FCE54FF000C5401 /* Main.storyboard */; };
		60E8A5051FCE55E7000C5401 /* LaunchScreen.storyboard in Resources */ = {isa = PBXBuildFile; fileRef = 60E8A5011FCE5500000C5401 /* LaunchScreen.storyboard */; };
		60E8A5091FCE5985000C5401 /* Login.storyboard in Resources */ = {isa = PBXBuildFile; fileRef = 60E8A5081FCE5985000C5401 /* Login.storyboard */; };
		60E8A50B1FCE59C3000C5401 /* LoginViewController.swift in Sources */ = {isa = PBXBuildFile; fileRef = 60E8A50A1FCE59C2000C5401 /* LoginViewController.swift */; };
		60E8A50D1FCE6B06000C5401 /* User.swift in Sources */ = {isa = PBXBuildFile; fileRef = 60E8A50C1FCE6B06000C5401 /* User.swift */; };
		60E8A50F1FCE6E1F000C5401 /* CreateUsernameViewController.swift in Sources */ = {isa = PBXBuildFile; fileRef = 60E8A50E1FCE6E1F000C5401 /* CreateUsernameViewController.swift */; };
		60E8A5121FCE906A000C5401 /* UserService.swift in Sources */ = {isa = PBXBuildFile; fileRef = 60E8A5111FCE906A000C5401 /* UserService.swift */; };
		60E8A5141FCEB509000C5401 /* Constants.swift in Sources */ = {isa = PBXBuildFile; fileRef = 60E8A5131FCEB508000C5401 /* Constants.swift */; };
		60E8A5161FCEB6D5000C5401 /* Storyboard+Utility.swift in Sources */ = {isa = PBXBuildFile; fileRef = 60E8A5151FCEB6D5000C5401 /* Storyboard+Utility.swift */; };
		60E8A5181FCEC11D000C5401 /* HomeViewController.swift in Sources */ = {isa = PBXBuildFile; fileRef = 60E8A5171FCEC11D000C5401 /* HomeViewController.swift */; };
		60E8A51A1FCEC12E000C5401 /* FindFriendsViewController.swift in Sources */ = {isa = PBXBuildFile; fileRef = 60E8A5191FCEC12E000C5401 /* FindFriendsViewController.swift */; };
		60E8A51C1FCFAE01000C5401 /* MainTabBarController.swift in Sources */ = {isa = PBXBuildFile; fileRef = 60E8A51B1FCFAE01000C5401 /* MainTabBarController.swift */; };
		60E8A51E1FCFB2E8000C5401 /* MGPhotoHelper.swift in Sources */ = {isa = PBXBuildFile; fileRef = 60E8A51D1FCFB2E8000C5401 /* MGPhotoHelper.swift */; };
		60E8A5201FCFC112000C5401 /* StorageService.swift in Sources */ = {isa = PBXBuildFile; fileRef = 60E8A51F1FCFC112000C5401 /* StorageService.swift */; };
		60E8A5221FCFC33A000C5401 /* PostService.swift in Sources */ = {isa = PBXBuildFile; fileRef = 60E8A5211FCFC33A000C5401 /* PostService.swift */; };
		60E8A5241FCFC70C000C5401 /* Post.swift in Sources */ = {isa = PBXBuildFile; fileRef = 60E8A5231FCFC70C000C5401 /* Post.swift */; };
		60E8A5261FCFE8AE000C5401 /* UIImage+Size.swift in Sources */ = {isa = PBXBuildFile; fileRef = 60E8A5251FCFE8AE000C5401 /* UIImage+Size.swift */; };
		60E8A5281FCFEB29000C5401 /* StorageReference+Post.swift in Sources */ = {isa = PBXBuildFile; fileRef = 60E8A5271FCFEB29000C5401 /* StorageReference+Post.swift */; };
		60E8A52A1FCFF130000C5401 /* Home.storyboard in Resources */ = {isa = PBXBuildFile; fileRef = 60E8A5291FCFF130000C5401 /* Home.storyboard */; };
		60E8A5491FD004BC000C5401 /* PostImageCell.swift in Sources */ = {isa = PBXBuildFile; fileRef = 60E8A5481FD004BC000C5401 /* PostImageCell.swift */; };
		60E8A54B1FD010A7000C5401 /* PostHeaderCell.swift in Sources */ = {isa = PBXBuildFile; fileRef = 60E8A54A1FD010A7000C5401 /* PostHeaderCell.swift */; };
		60E8A54D1FD01307000C5401 /* PostActionCell.swift in Sources */ = {isa = PBXBuildFile; fileRef = 60E8A54C1FD01307000C5401 /* PostActionCell.swift */; };
		E9E711064B8BB0C7676FE855 /* Pods_Makestagram.framework in Frameworks */ = {isa = PBXBuildFile; fileRef = A055565F6B0BB094DAEE8F02 /* Pods_Makestagram.framework */; };
/* End PBXBuildFile section */

/* Begin PBXFileReference section */
		40C5C7C4869C844CBDA31FB5 /* Pods-Makestagram.debug.xcconfig */ = {isa = PBXFileReference; includeInIndex = 1; lastKnownFileType = text.xcconfig; name = "Pods-Makestagram.debug.xcconfig"; path = "Pods/Target Support Files/Pods-Makestagram/Pods-Makestagram.debug.xcconfig"; sourceTree = "<group>"; };
		601898421FD91F370009B827 /* GoogleService-Info.plist */ = {isa = PBXFileReference; lastKnownFileType = text.plist.xml; path = "GoogleService-Info.plist"; sourceTree = "<group>"; };
		604C892D1FD0F98700493A68 /* LikeService.swift */ = {isa = PBXFileReference; lastKnownFileType = sourcecode.swift; path = LikeService.swift; sourceTree = "<group>"; };
		60817B8C1FD4ED53002B937D /* FollowService.swift */ = {isa = PBXFileReference; lastKnownFileType = sourcecode.swift; path = FollowService.swift; sourceTree = "<group>"; };
		60817B901FD4EFA9002B937D /* FindFriends.storyboard */ = {isa = PBXFileReference; fileEncoding = 4; lastKnownFileType = file.storyboard; path = FindFriends.storyboard; sourceTree = "<group>"; };
		60817B921FD4F0BE002B937D /* FindFriendsCell.swift */ = {isa = PBXFileReference; lastKnownFileType = sourcecode.swift; path = FindFriendsCell.swift; sourceTree = "<group>"; };
		60817B941FD52BD6002B937D /* DatabaseReference+Location.swift */ = {isa = PBXFileReference; lastKnownFileType = sourcecode.swift; path = "DatabaseReference+Location.swift"; sourceTree = "<group>"; };
		60817B961FD53AEA002B937D /* UITableView+Utility.swift */ = {isa = PBXFileReference; lastKnownFileType = sourcecode.swift; path = "UITableView+Utility.swift"; sourceTree = "<group>"; };
		60817B981FD53F56002B937D /* MGPaginationHelper.swift */ = {isa = PBXFileReference; lastKnownFileType = sourcecode.swift; path = MGPaginationHelper.swift; sourceTree = "<group>"; };
		60817B9B1FD55A05002B937D /* OpenSans-Regular.ttf */ = {isa = PBXFileReference; lastKnownFileType = file; path = "OpenSans-Regular.ttf"; sourceTree = "<group>"; };
		60817B9C1FD55A06002B937D /* OpenSans-ExtraBoldItalic.ttf */ = {isa = PBXFileReference; lastKnownFileType = file; path = "OpenSans-ExtraBoldItalic.ttf"; sourceTree = "<group>"; };
		60817B9D1FD55A07002B937D /* OpenSans-Bold.ttf */ = {isa = PBXFileReference; lastKnownFileType = file; path = "OpenSans-Bold.ttf"; sourceTree = "<group>"; };
		60817B9E1FD55A08002B937D /* OpenSans-Light.ttf */ = {isa = PBXFileReference; lastKnownFileType = file; path = "OpenSans-Light.ttf"; sourceTree = "<group>"; };
		60817B9F1FD55A08002B937D /* OpenSans-Semibold.ttf */ = {isa = PBXFileReference; lastKnownFileType = file; path = "OpenSans-Semibold.ttf"; sourceTree = "<group>"; };
		60817BA01FD55A09002B937D /* OpenSans-SemiboldItalic.ttf */ = {isa = PBXFileReference; lastKnownFileType = file; path = "OpenSans-SemiboldItalic.ttf"; sourceTree = "<group>"; };
		60817BA11FD55A0A002B937D /* OpenSans-Italic.ttf */ = {isa = PBXFileReference; lastKnownFileType = file; path = "OpenSans-Italic.ttf"; sourceTree = "<group>"; };
		60817BA21FD55A0A002B937D /* OpenSans-ExtraBold.ttf */ = {isa = PBXFileReference; lastKnownFileType = file; path = "OpenSans-ExtraBold.ttf"; sourceTree = "<group>"; };
		60817BA31FD55A0B002B937D /* OpenSans-BoldItalic.ttf */ = {isa = PBXFileReference; lastKnownFileType = file; path = "OpenSans-BoldItalic.ttf"; sourceTree = "<group>"; };
		60817BA41FD55A0C002B937D /* OpenSans-LightItalic.ttf */ = {isa = PBXFileReference; lastKnownFileType = file; path = "OpenSans-LightItalic.ttf"; sourceTree = "<group>"; };
		60817BB91FD638B1002B937D /* UIColor+Utility.swift */ = {isa = PBXFileReference; lastKnownFileType = sourcecode.swift; path = "UIColor+Utility.swift"; sourceTree = "<group>"; };
		60817BBB1FD64584002B937D /* ProfileViewController.swift */ = {isa = PBXFileReference; lastKnownFileType = sourcecode.swift; path = ProfileViewController.swift; sourceTree = "<group>"; };
		60817BBD1FD6470D002B937D /* Profile.storyboard */ = {isa = PBXFileReference; fileEncoding = 4; lastKnownFileType = file.storyboard; path = Profile.storyboard; sourceTree = "<group>"; };
		60817BBF1FD648E3002B937D /* PostThumbImageCell.swift */ = {isa = PBXFileReference; lastKnownFileType = sourcecode.swift; path = PostThumbImageCell.swift; sourceTree = "<group>"; };
		60817BC21FD65123002B937D /* ProfileHeaderView.swift */ = {isa = PBXFileReference; lastKnownFileType = sourcecode.swift; path = ProfileHeaderView.swift; sourceTree = "<group>"; };
		60817BC41FD68486002B937D /* Chat.swift */ = {isa = PBXFileReference; lastKnownFileType = sourcecode.swift; path = Chat.swift; sourceTree = "<group>"; };
		60817BC61FD687DA002B937D /* Message.swift */ = {isa = PBXFileReference; lastKnownFileType = sourcecode.swift; path = Message.swift; sourceTree = "<group>"; };
		60817BC81FD68AAC002B937D /* ChatService.swift */ = {isa = PBXFileReference; lastKnownFileType = sourcecode.swift; path = ChatService.swift; sourceTree = "<group>"; };
		60817BCA1FD69286002B937D /* ChatListViewController.swift */ = {isa = PBXFileReference; lastKnownFileType = sourcecode.swift; path = ChatListViewController.swift; sourceTree = "<group>"; };
		60817BCC1FD69299002B937D /* NewChatViewController.swift */ = {isa = PBXFileReference; lastKnownFileType = sourcecode.swift; path = NewChatViewController.swift; sourceTree = "<group>"; };
		60817BCE1FD692AE002B937D /* ChatViewController.swift */ = {isa = PBXFileReference; lastKnownFileType = sourcecode.swift; path = ChatViewController.swift; sourceTree = "<group>"; };
		60817BD21FD69569002B937D /* Chat.storyboard */ = {isa = PBXFileReference; fileEncoding = 4; lastKnownFileType = file.storyboard; path = Chat.storyboard; sourceTree = "<group>"; };
		60817BD41FD69907002B937D /* ChatListCell.swift */ = {isa = PBXFileReference; lastKnownFileType = sourcecode.swift; path = ChatListCell.swift; sourceTree = "<group>"; };
		60817BD61FD69EAF002B937D /* NewChatUserCell.swift */ = {isa = PBXFileReference; lastKnownFileType = sourcecode.swift; path = NewChatUserCell.swift; sourceTree = "<group>"; };
		60E8A4CB1FCE4896000C5401 /* Makestagram.app */ = {isa = PBXFileReference; explicitFileType = wrapper.application; includeInIndex = 0; path = Makestagram.app; sourceTree = BUILT_PRODUCTS_DIR; };
		60E8A4CE1FCE4896000C5401 /* AppDelegate.swift */ = {isa = PBXFileReference; lastKnownFileType = sourcecode.swift; path = AppDelegate.swift; sourceTree = "<group>"; };
		60E8A4D51FCE4896000C5401 /* Assets.xcassets */ = {isa = PBXFileReference; lastKnownFileType = folder.assetcatalog; path = Assets.xcassets; sourceTree = "<group>"; };
		60E8A4F61FCE54FF000C5401 /* Main.storyboard */ = {isa = PBXFileReference; lastKnownFileType = file.storyboard; path = Main.storyboard; sourceTree = "<group>"; };
		60E8A5001FCE5500000C5401 /* Info.plist */ = {isa = PBXFileReference; lastKnownFileType = text.plist.xml; path = Info.plist; sourceTree = "<group>"; };
		60E8A5011FCE5500000C5401 /* LaunchScreen.storyboard */ = {isa = PBXFileReference; lastKnownFileType = file.storyboard; path = LaunchScreen.storyboard; sourceTree = "<group>"; };
		60E8A5081FCE5985000C5401 /* Login.storyboard */ = {isa = PBXFileReference; lastKnownFileType = file.storyboard; path = Login.storyboard; sourceTree = "<group>"; };
		60E8A50A1FCE59C2000C5401 /* LoginViewController.swift */ = {isa = PBXFileReference; lastKnownFileType = sourcecode.swift; path = LoginViewController.swift; sourceTree = "<group>"; };
		60E8A50C1FCE6B06000C5401 /* User.swift */ = {isa = PBXFileReference; lastKnownFileType = sourcecode.swift; name = User.swift; path = Makestagram/Models/User.swift; sourceTree = SOURCE_ROOT; };
		60E8A50E1FCE6E1F000C5401 /* CreateUsernameViewController.swift */ = {isa = PBXFileReference; lastKnownFileType = sourcecode.swift; path = CreateUsernameViewController.swift; sourceTree = "<group>"; };
		60E8A5111FCE906A000C5401 /* UserService.swift */ = {isa = PBXFileReference; lastKnownFileType = sourcecode.swift; path = UserService.swift; sourceTree = "<group>"; };
		60E8A5131FCEB508000C5401 /* Constants.swift */ = {isa = PBXFileReference; lastKnownFileType = sourcecode.swift; path = Constants.swift; sourceTree = "<group>"; };
		60E8A5151FCEB6D5000C5401 /* Storyboard+Utility.swift */ = {isa = PBXFileReference; lastKnownFileType = sourcecode.swift; name = "Storyboard+Utility.swift"; path = "Makestagram/Extensions/Storyboard+Utility.swift"; sourceTree = SOURCE_ROOT; };
		60E8A5171FCEC11D000C5401 /* HomeViewController.swift */ = {isa = PBXFileReference; lastKnownFileType = sourcecode.swift; path = HomeViewController.swift; sourceTree = "<group>"; };
		60E8A5191FCEC12E000C5401 /* FindFriendsViewController.swift */ = {isa = PBXFileReference; lastKnownFileType = sourcecode.swift; path = FindFriendsViewController.swift; sourceTree = "<group>"; };
		60E8A51B1FCFAE01000C5401 /* MainTabBarController.swift */ = {isa = PBXFileReference; lastKnownFileType = sourcecode.swift; path = MainTabBarController.swift; sourceTree = "<group>"; };
		60E8A51D1FCFB2E8000C5401 /* MGPhotoHelper.swift */ = {isa = PBXFileReference; lastKnownFileType = sourcecode.swift; name = MGPhotoHelper.swift; path = Makestagram/Helpers/MGPhotoHelper.swift; sourceTree = SOURCE_ROOT; };
		60E8A51F1FCFC112000C5401 /* StorageService.swift */ = {isa = PBXFileReference; lastKnownFileType = sourcecode.swift; path = StorageService.swift; sourceTree = "<group>"; };
		60E8A5211FCFC33A000C5401 /* PostService.swift */ = {isa = PBXFileReference; lastKnownFileType = sourcecode.swift; path = PostService.swift; sourceTree = "<group>"; };
		60E8A5231FCFC70C000C5401 /* Post.swift */ = {isa = PBXFileReference; lastKnownFileType = sourcecode.swift; name = Post.swift; path = Makestagram/Models/Post.swift; sourceTree = SOURCE_ROOT; };
		60E8A5251FCFE8AE000C5401 /* UIImage+Size.swift */ = {isa = PBXFileReference; lastKnownFileType = sourcecode.swift; name = "UIImage+Size.swift"; path = "Makestagram/Extensions/UIImage+Size.swift"; sourceTree = SOURCE_ROOT; };
		60E8A5271FCFEB29000C5401 /* StorageReference+Post.swift */ = {isa = PBXFileReference; lastKnownFileType = sourcecode.swift; name = "StorageReference+Post.swift"; path = "Makestagram/Extensions/StorageReference+Post.swift"; sourceTree = SOURCE_ROOT; };
		60E8A5291FCFF130000C5401 /* Home.storyboard */ = {isa = PBXFileReference; fileEncoding = 4; lastKnownFileType = file.storyboard; path = Home.storyboard; sourceTree = "<group>"; };
		60E8A5481FD004BC000C5401 /* PostImageCell.swift */ = {isa = PBXFileReference; lastKnownFileType = sourcecode.swift; path = PostImageCell.swift; sourceTree = "<group>"; };
		60E8A54A1FD010A7000C5401 /* PostHeaderCell.swift */ = {isa = PBXFileReference; lastKnownFileType = sourcecode.swift; path = PostHeaderCell.swift; sourceTree = "<group>"; };
		60E8A54C1FD01307000C5401 /* PostActionCell.swift */ = {isa = PBXFileReference; lastKnownFileType = sourcecode.swift; path = PostActionCell.swift; sourceTree = "<group>"; };
		73079EEDA4167CBCCA6A8B44 /* Pods-Makestagram.release.xcconfig */ = {isa = PBXFileReference; includeInIndex = 1; lastKnownFileType = text.xcconfig; name = "Pods-Makestagram.release.xcconfig"; path = "Pods/Target Support Files/Pods-Makestagram/Pods-Makestagram.release.xcconfig"; sourceTree = "<group>"; };
		A055565F6B0BB094DAEE8F02 /* Pods_Makestagram.framework */ = {isa = PBXFileReference; explicitFileType = wrapper.framework; includeInIndex = 0; path = Pods_Makestagram.framework; sourceTree = BUILT_PRODUCTS_DIR; };
/* End PBXFileReference section */

/* Begin PBXFrameworksBuildPhase section */
		60E8A4C81FCE4896000C5401 /* Frameworks */ = {
			isa = PBXFrameworksBuildPhase;
			buildActionMask = 2147483647;
			files = (
				E9E711064B8BB0C7676FE855 /* Pods_Makestagram.framework in Frameworks */,
			);
			runOnlyForDeploymentPostprocessing = 0;
		};
/* End PBXFrameworksBuildPhase section */

/* Begin PBXGroup section */
		60817B9A1FD559D2002B937D /* Resources */ = {
			isa = PBXGroup;
			children = (
				60817BA31FD55A0B002B937D /* OpenSans-BoldItalic.ttf */,
				60817BA21FD55A0A002B937D /* OpenSans-ExtraBold.ttf */,
				60817B9C1FD55A06002B937D /* OpenSans-ExtraBoldItalic.ttf */,
				60817BA11FD55A0A002B937D /* OpenSans-Italic.ttf */,
				60817B9D1FD55A07002B937D /* OpenSans-Bold.ttf */,
				60817B9E1FD55A08002B937D /* OpenSans-Light.ttf */,
				60817BA41FD55A0C002B937D /* OpenSans-LightItalic.ttf */,
				60817B9B1FD55A05002B937D /* OpenSans-Regular.ttf */,
				60817B9F1FD55A08002B937D /* OpenSans-Semibold.ttf */,
				60817BA01FD55A09002B937D /* OpenSans-SemiboldItalic.ttf */,
			);
			path = Resources;
			sourceTree = "<group>";
		};
		60E8A4C21FCE4895000C5401 = {
			isa = PBXGroup;
			children = (
				60E8A4CD1FCE4896000C5401 /* Makestagram */,
				60E8A4CC1FCE4896000C5401 /* Products */,
				AA6A0431461E8C9C4BDC6119 /* Pods */,
				9430C26206DBBA246F5D6DEC /* Frameworks */,
			);
			sourceTree = "<group>";
		};
		60E8A4CC1FCE4896000C5401 /* Products */ = {
			isa = PBXGroup;
			children = (
				60E8A4CB1FCE4896000C5401 /* Makestagram.app */,
			);
			name = Products;
			sourceTree = "<group>";
		};
		60E8A4CD1FCE4896000C5401 /* Makestagram */ = {
			isa = PBXGroup;
			children = (
				60E8A4CE1FCE4896000C5401 /* AppDelegate.swift */,
				60E8A4F71FCE54FF000C5401 /* Storyboards */,
				60E8A4FA1FCE54FF000C5401 /* View Controllers */,
				60E8A4F81FCE54FF000C5401 /* Models */,
				60E8A5101FCE9046000C5401 /* Services */,
				60E8A4FD1FCE5500000C5401 /* Extensions */,
				60E8A4FE1FCE5500000C5401 /* Helpers */,
				60E8A5471FD0047E000C5401 /* Views */,
				60817B9A1FD559D2002B937D /* Resources */,
				60E8A5021FCE5500000C5401 /* Supporting Files */,
				60E8A4D51FCE4896000C5401 /* Assets.xcassets */,
			);
			path = Makestagram;
			sourceTree = "<group>";
		};
		60E8A4F71FCE54FF000C5401 /* Storyboards */ = {
			isa = PBXGroup;
			children = (
				60E8A4F61FCE54FF000C5401 /* Main.storyboard */,
				60817BBD1FD6470D002B937D /* Profile.storyboard */,
				60817B901FD4EFA9002B937D /* FindFriends.storyboard */,
				60E8A5291FCFF130000C5401 /* Home.storyboard */,
				60817BD21FD69569002B937D /* Chat.storyboard */,
				60E8A5081FCE5985000C5401 /* Login.storyboard */,
			);
			name = Storyboards;
			path = /Users/hoangthuha/Desktop/Makestagram/Makestagram/Storyboards;
			sourceTree = "<absolute>";
		};
		60E8A4F81FCE54FF000C5401 /* Models */ = {
			isa = PBXGroup;
			children = (
				60E8A50C1FCE6B06000C5401 /* User.swift */,
				60E8A5231FCFC70C000C5401 /* Post.swift */,
				60817BC41FD68486002B937D /* Chat.swift */,
				60817BC61FD687DA002B937D /* Message.swift */,
			);
			name = Models;
			path = /Users/hoangthuha/Desktop/Makestagram/Makestagram/Models;
			sourceTree = "<absolute>";
		};
		60E8A4FA1FCE54FF000C5401 /* View Controllers */ = {
			isa = PBXGroup;
			children = (
				60E8A50A1FCE59C2000C5401 /* LoginViewController.swift */,
				60E8A50E1FCE6E1F000C5401 /* CreateUsernameViewController.swift */,
				60E8A51B1FCFAE01000C5401 /* MainTabBarController.swift */,
				60E8A5171FCEC11D000C5401 /* HomeViewController.swift */,
				60E8A5191FCEC12E000C5401 /* FindFriendsViewController.swift */,
				60817BBB1FD64584002B937D /* ProfileViewController.swift */,
				60817BCA1FD69286002B937D /* ChatListViewController.swift */,
				60817BCC1FD69299002B937D /* NewChatViewController.swift */,
				60817BCE1FD692AE002B937D /* ChatViewController.swift */,
			);
			name = "View Controllers";
			path = "/Users/hoangthuha/Desktop/Makestagram/Makestagram/View Controllers";
			sourceTree = "<absolute>";
		};
		60E8A4FD1FCE5500000C5401 /* Extensions */ = {
			isa = PBXGroup;
			children = (
				60E8A5151FCEB6D5000C5401 /* Storyboard+Utility.swift */,
				60E8A5251FCFE8AE000C5401 /* UIImage+Size.swift */,
				60E8A5271FCFEB29000C5401 /* StorageReference+Post.swift */,
				60817B941FD52BD6002B937D /* DatabaseReference+Location.swift */,
				60817B961FD53AEA002B937D /* UITableView+Utility.swift */,
				60817BB91FD638B1002B937D /* UIColor+Utility.swift */,
			);
			name = Extensions;
			path = /Users/hoangthuha/Desktop/Makestagram/Makestagram/Extensions;
			sourceTree = "<absolute>";
		};
		60E8A4FE1FCE5500000C5401 /* Helpers */ = {
			isa = PBXGroup;
			children = (
				60E8A51D1FCFB2E8000C5401 /* MGPhotoHelper.swift */,
				60817B981FD53F56002B937D /* MGPaginationHelper.swift */,
			);
			name = Helpers;
			path = /Users/hoangthuha/Desktop/Makestagram/Makestagram/Helpers;
			sourceTree = "<absolute>";
		};
		60E8A5021FCE5500000C5401 /* Supporting Files */ = {
			isa = PBXGroup;
			children = (
				601898421FD91F370009B827 /* GoogleService-Info.plist */,
				60E8A5001FCE5500000C5401 /* Info.plist */,
				60E8A5011FCE5500000C5401 /* LaunchScreen.storyboard */,
				60E8A5131FCEB508000C5401 /* Constants.swift */,
			);
			name = "Supporting Files";
			path = "/Users/hoangthuha/Desktop/Makestagram/Makestagram/Supporting Files";
			sourceTree = "<absolute>";
		};
		60E8A5101FCE9046000C5401 /* Services */ = {
			isa = PBXGroup;
			children = (
				60E8A5111FCE906A000C5401 /* UserService.swift */,
				60E8A51F1FCFC112000C5401 /* StorageService.swift */,
				60E8A5211FCFC33A000C5401 /* PostService.swift */,
				604C892D1FD0F98700493A68 /* LikeService.swift */,
				60817B8C1FD4ED53002B937D /* FollowService.swift */,
				60817BC81FD68AAC002B937D /* ChatService.swift */,
			);
			path = Services;
			sourceTree = "<group>";
		};
		60E8A5471FD0047E000C5401 /* Views */ = {
			isa = PBXGroup;
			children = (
				60E8A5481FD004BC000C5401 /* PostImageCell.swift */,
				60E8A54A1FD010A7000C5401 /* PostHeaderCell.swift */,
				60E8A54C1FD01307000C5401 /* PostActionCell.swift */,
				60817B921FD4F0BE002B937D /* FindFriendsCell.swift */,
				60817BBF1FD648E3002B937D /* PostThumbImageCell.swift */,
				60817BC21FD65123002B937D /* ProfileHeaderView.swift */,
				60817BD41FD69907002B937D /* ChatListCell.swift */,
				60817BD61FD69EAF002B937D /* NewChatUserCell.swift */,
			);
			path = Views;
			sourceTree = "<group>";
		};
		9430C26206DBBA246F5D6DEC /* Frameworks */ = {
			isa = PBXGroup;
			children = (
				A055565F6B0BB094DAEE8F02 /* Pods_Makestagram.framework */,
			);
			name = Frameworks;
			sourceTree = "<group>";
		};
		AA6A0431461E8C9C4BDC6119 /* Pods */ = {
			isa = PBXGroup;
			children = (
				40C5C7C4869C844CBDA31FB5 /* Pods-Makestagram.debug.xcconfig */,
				73079EEDA4167CBCCA6A8B44 /* Pods-Makestagram.release.xcconfig */,
			);
			name = Pods;
			sourceTree = "<group>";
		};
/* End PBXGroup section */

/* Begin PBXNativeTarget section */
		60E8A4CA1FCE4896000C5401 /* Makestagram */ = {
			isa = PBXNativeTarget;
			buildConfigurationList = 60E8A4DD1FCE4896000C5401 /* Build configuration list for PBXNativeTarget "Makestagram" */;
			buildPhases = (
				E8BB10E16D627BF0DE43F56A /* [CP] Check Pods Manifest.lock */,
				60E8A4C71FCE4896000C5401 /* Sources */,
				60E8A4C81FCE4896000C5401 /* Frameworks */,
				60E8A4C91FCE4896000C5401 /* Resources */,
				B7AB57FB0546B5944DA71E4E /* [CP] Embed Pods Frameworks */,
				0FB06D591C56C52BF690EC80 /* [CP] Copy Pods Resources */,
			);
			buildRules = (
			);
			dependencies = (
			);
			name = Makestagram;
			productName = Makestagram;
			productReference = 60E8A4CB1FCE4896000C5401 /* Makestagram.app */;
			productType = "com.apple.product-type.application";
		};
/* End PBXNativeTarget section */

/* Begin PBXProject section */
		60E8A4C31FCE4895000C5401 /* Project object */ = {
			isa = PBXProject;
			attributes = {
				LastSwiftUpdateCheck = 0910;
				LastUpgradeCheck = 0910;
				ORGANIZATIONNAME = "Hoang Thu Ha";
				TargetAttributes = {
					60E8A4CA1FCE4896000C5401 = {
						CreatedOnToolsVersion = 9.1;
						ProvisioningStyle = Automatic;
					};
				};
			};
			buildConfigurationList = 60E8A4C61FCE4896000C5401 /* Build configuration list for PBXProject "Makestagram" */;
			compatibilityVersion = "Xcode 8.0";
			developmentRegion = en;
			hasScannedForEncodings = 0;
			knownRegions = (
				en,
				Base,
			);
			mainGroup = 60E8A4C21FCE4895000C5401;
			productRefGroup = 60E8A4CC1FCE4896000C5401 /* Products */;
			projectDirPath = "";
			projectRoot = "";
			targets = (
				60E8A4CA1FCE4896000C5401 /* Makestagram */,
			);
		};
/* End PBXProject section */

/* Begin PBXResourcesBuildPhase section */
		60E8A4C91FCE4896000C5401 /* Resources */ = {
			isa = PBXResourcesBuildPhase;
			buildActionMask = 2147483647;
			files = (
				601898431FD9221F0009B827 /* GoogleService-Info.plist in Resources */,
				60817BB41FD55A2F002B937D /* OpenSans-Light.ttf in Resources */,
				60817BB51FD55A2F002B937D /* OpenSans-LightItalic.ttf in Resources */,
				60E8A5031FCE55E7000C5401 /* Main.storyboard in Resources */,
				60817BB71FD55A2F002B937D /* OpenSans-Semibold.ttf in Resources */,
				60817BB81FD55A2F002B937D /* OpenSans-SemiboldItalic.ttf in Resources */,
				60817BBE1FD6470D002B937D /* Profile.storyboard in Resources */,
				60817BAF1FD55A2F002B937D /* OpenSans-Bold.ttf in Resources */,
				60E8A5051FCE55E7000C5401 /* LaunchScreen.storyboard in Resources */,
				60817B911FD4EFA9002B937D /* FindFriends.storyboard in Resources */,
				60E8A52A1FCFF130000C5401 /* Home.storyboard in Resources */,
				60817BB01FD55A2F002B937D /* OpenSans-BoldItalic.ttf in Resources */,
				60E8A5091FCE5985000C5401 /* Login.storyboard in Resources */,
				60817BD31FD69569002B937D /* Chat.storyboard in Resources */,
				60817BB61FD55A2F002B937D /* OpenSans-Regular.ttf in Resources */,
				60E8A4D61FCE4896000C5401 /* Assets.xcassets in Resources */,
				60817BB31FD55A2F002B937D /* OpenSans-Italic.ttf in Resources */,
				60817BB21FD55A2F002B937D /* OpenSans-ExtraBoldItalic.ttf in Resources */,
				60817BB11FD55A2F002B937D /* OpenSans-ExtraBold.ttf in Resources */,
			);
			runOnlyForDeploymentPostprocessing = 0;
		};
/* End PBXResourcesBuildPhase section */

/* Begin PBXShellScriptBuildPhase section */
		0FB06D591C56C52BF690EC80 /* [CP] Copy Pods Resources */ = {
			isa = PBXShellScriptBuildPhase;
			buildActionMask = 2147483647;
			files = (
			);
			inputPaths = (
				"${SRCROOT}/Pods/Target Support Files/Pods-Makestagram/Pods-Makestagram-resources.sh",
				$PODS_CONFIGURATION_BUILD_DIR/FirebaseUI/FirebaseAuthUI.bundle,
				$PODS_CONFIGURATION_BUILD_DIR/FirebaseUI/FirebaseFacebookAuthUI.bundle,
				$PODS_CONFIGURATION_BUILD_DIR/FirebaseUI/FirebaseGoogleAuthUI.bundle,
				"${PODS_ROOT}/GoogleSignIn/Resources/GoogleSignIn.bundle",
			);
			name = "[CP] Copy Pods Resources";
			outputPaths = (
				"${TARGET_BUILD_DIR}/${UNLOCALIZED_RESOURCES_FOLDER_PATH}",
			);
			runOnlyForDeploymentPostprocessing = 0;
			shellPath = /bin/sh;
			shellScript = "\"${SRCROOT}/Pods/Target Support Files/Pods-Makestagram/Pods-Makestagram-resources.sh\"\n";
			showEnvVarsInLog = 0;
		};
		B7AB57FB0546B5944DA71E4E /* [CP] Embed Pods Frameworks */ = {
			isa = PBXShellScriptBuildPhase;
			buildActionMask = 2147483647;
			files = (
			);
			inputPaths = (
				"${SRCROOT}/Pods/Target Support Files/Pods-Makestagram/Pods-Makestagram-frameworks.sh",
				"${BUILT_PRODUCTS_DIR}/Bolts/Bolts.framework",
				"${BUILT_PRODUCTS_DIR}/FBSDKCoreKit/FBSDKCoreKit.framework",
				"${BUILT_PRODUCTS_DIR}/FBSDKLoginKit/FBSDKLoginKit.framework",
				"${BUILT_PRODUCTS_DIR}/FacebookCore/FacebookCore.framework",
				"${BUILT_PRODUCTS_DIR}/FacebookLogin/FacebookLogin.framework",
				"${BUILT_PRODUCTS_DIR}/GTMOAuth2/GTMOAuth2.framework",
				"${BUILT_PRODUCTS_DIR}/GTMSessionFetcher/GTMSessionFetcher.framework",
				"${BUILT_PRODUCTS_DIR}/GoogleToolboxForMac/GoogleToolboxForMac.framework",
				"${BUILT_PRODUCTS_DIR}/JSQMessagesViewController/JSQMessagesViewController.framework",
				"${BUILT_PRODUCTS_DIR}/JSQSystemSoundPlayer/JSQSystemSoundPlayer.framework",
				"${BUILT_PRODUCTS_DIR}/Kingfisher/Kingfisher.framework",
				"${BUILT_PRODUCTS_DIR}/leveldb-library/leveldb.framework",
				"${BUILT_PRODUCTS_DIR}/nanopb/nanopb.framework",
			);
			name = "[CP] Embed Pods Frameworks";
			outputPaths = (
				"${TARGET_BUILD_DIR}/${FRAMEWORKS_FOLDER_PATH}/Bolts.framework",
				"${TARGET_BUILD_DIR}/${FRAMEWORKS_FOLDER_PATH}/FBSDKCoreKit.framework",
				"${TARGET_BUILD_DIR}/${FRAMEWORKS_FOLDER_PATH}/FBSDKLoginKit.framework",
				"${TARGET_BUILD_DIR}/${FRAMEWORKS_FOLDER_PATH}/FacebookCore.framework",
				"${TARGET_BUILD_DIR}/${FRAMEWORKS_FOLDER_PATH}/FacebookLogin.framework",
				"${TARGET_BUILD_DIR}/${FRAMEWORKS_FOLDER_PATH}/GTMOAuth2.framework",
				"${TARGET_BUILD_DIR}/${FRAMEWORKS_FOLDER_PATH}/GTMSessionFetcher.framework",
				"${TARGET_BUILD_DIR}/${FRAMEWORKS_FOLDER_PATH}/GoogleToolboxForMac.framework",
				"${TARGET_BUILD_DIR}/${FRAMEWORKS_FOLDER_PATH}/JSQMessagesViewController.framework",
				"${TARGET_BUILD_DIR}/${FRAMEWORKS_FOLDER_PATH}/JSQSystemSoundPlayer.framework",
				"${TARGET_BUILD_DIR}/${FRAMEWORKS_FOLDER_PATH}/Kingfisher.framework",
				"${TARGET_BUILD_DIR}/${FRAMEWORKS_FOLDER_PATH}/leveldb.framework",
				"${TARGET_BUILD_DIR}/${FRAMEWORKS_FOLDER_PATH}/nanopb.framework",
			);
			runOnlyForDeploymentPostprocessing = 0;
			shellPath = /bin/sh;
			shellScript = "\"${SRCROOT}/Pods/Target Support Files/Pods-Makestagram/Pods-Makestagram-frameworks.sh\"\n";
			showEnvVarsInLog = 0;
		};
		E8BB10E16D627BF0DE43F56A /* [CP] Check Pods Manifest.lock */ = {
			isa = PBXShellScriptBuildPhase;
			buildActionMask = 2147483647;
			files = (
			);
			inputPaths = (
				"${PODS_PODFILE_DIR_PATH}/Podfile.lock",
				"${PODS_ROOT}/Manifest.lock",
			);
			name = "[CP] Check Pods Manifest.lock";
			outputPaths = (
				"$(DERIVED_FILE_DIR)/Pods-Makestagram-checkManifestLockResult.txt",
			);
			runOnlyForDeploymentPostprocessing = 0;
			shellPath = /bin/sh;
			shellScript = "diff \"${PODS_PODFILE_DIR_PATH}/Podfile.lock\" \"${PODS_ROOT}/Manifest.lock\" > /dev/null\nif [ $? != 0 ] ; then\n    # print error to STDERR\n    echo \"error: The sandbox is not in sync with the Podfile.lock. Run 'pod install' or update your CocoaPods installation.\" >&2\n    exit 1\nfi\n# This output is used by Xcode 'outputs' to avoid re-running this script phase.\necho \"SUCCESS\" > \"${SCRIPT_OUTPUT_FILE_0}\"\n";
			showEnvVarsInLog = 0;
		};
/* End PBXShellScriptBuildPhase section */

/* Begin PBXSourcesBuildPhase section */
		60E8A4C71FCE4896000C5401 /* Sources */ = {
			isa = PBXSourcesBuildPhase;
			buildActionMask = 2147483647;
			files = (
				60817B8D1FD4ED53002B937D /* FollowService.swift in Sources */,
				60E8A50F1FCE6E1F000C5401 /* CreateUsernameViewController.swift in Sources */,
				60817BBA1FD638B1002B937D /* UIColor+Utility.swift in Sources */,
				60817BCF1FD692AE002B937D /* ChatViewController.swift in Sources */,
				60E8A5201FCFC112000C5401 /* StorageService.swift in Sources */,
				60E8A5121FCE906A000C5401 /* UserService.swift in Sources */,
				60817B971FD53AEA002B937D /* UITableView+Utility.swift in Sources */,
				60817BBC1FD64584002B937D /* ProfileViewController.swift in Sources */,
				60E8A51C1FCFAE01000C5401 /* MainTabBarController.swift in Sources */,
				60E8A50B1FCE59C3000C5401 /* LoginViewController.swift in Sources */,
				60E8A54D1FD01307000C5401 /* PostActionCell.swift in Sources */,
				604C892E1FD0F98700493A68 /* LikeService.swift in Sources */,
				60E8A5241FCFC70C000C5401 /* Post.swift in Sources */,
				60E8A5491FD004BC000C5401 /* PostImageCell.swift in Sources */,
				60817BC51FD68486002B937D /* Chat.swift in Sources */,
				60817B991FD53F56002B937D /* MGPaginationHelper.swift in Sources */,
				60817BCB1FD69286002B937D /* ChatListViewController.swift in Sources */,
				60817BD71FD69EAF002B937D /* NewChatUserCell.swift in Sources */,
				60817B931FD4F0BE002B937D /* FindFriendsCell.swift in Sources */,
				60817BC31FD65123002B937D /* ProfileHeaderView.swift in Sources */,
				60E8A5261FCFE8AE000C5401 /* UIImage+Size.swift in Sources */,
				60E8A5181FCEC11D000C5401 /* HomeViewController.swift in Sources */,
				60817BD51FD69907002B937D /* ChatListCell.swift in Sources */,
				60E8A51E1FCFB2E8000C5401 /* MGPhotoHelper.swift in Sources */,
				60817BC71FD687DA002B937D /* Message.swift in Sources */,
				60E8A4CF1FCE4896000C5401 /* AppDelegate.swift in Sources */,
				60E8A51A1FCEC12E000C5401 /* FindFriendsViewController.swift in Sources */,
				60817B951FD52BD6002B937D /* DatabaseReference+Location.swift in Sources */,
				60E8A5281FCFEB29000C5401 /* StorageReference+Post.swift in Sources */,
				60E8A50D1FCE6B06000C5401 /* User.swift in Sources */,
				60E8A5221FCFC33A000C5401 /* PostService.swift in Sources */,
				60817BC01FD648E3002B937D /* PostThumbImageCell.swift in Sources */,
				60E8A5161FCEB6D5000C5401 /* Storyboard+Utility.swift in Sources */,
				60817BC91FD68AAC002B937D /* ChatService.swift in Sources */,
				60E8A54B1FD010A7000C5401 /* PostHeaderCell.swift in Sources */,
				60E8A5141FCEB509000C5401 /* Constants.swift in Sources */,
				60817BCD1FD69299002B937D /* NewChatViewController.swift in Sources */,
			);
			runOnlyForDeploymentPostprocessing = 0;
		};
/* End PBXSourcesBuildPhase section */

/* Begin XCBuildConfiguration section */
		60E8A4DB1FCE4896000C5401 /* Debug */ = {
			isa = XCBuildConfiguration;
			buildSettings = {
				ALWAYS_SEARCH_USER_PATHS = NO;
				CLANG_ANALYZER_NONNULL = YES;
				CLANG_ANALYZER_NUMBER_OBJECT_CONVERSION = YES_AGGRESSIVE;
				CLANG_CXX_LANGUAGE_STANDARD = "gnu++14";
				CLANG_CXX_LIBRARY = "libc++";
				CLANG_ENABLE_MODULES = YES;
				CLANG_ENABLE_OBJC_ARC = YES;
				CLANG_WARN_BLOCK_CAPTURE_AUTORELEASING = YES;
				CLANG_WARN_BOOL_CONVERSION = YES;
				CLANG_WARN_COMMA = YES;
				CLANG_WARN_CONSTANT_CONVERSION = YES;
				CLANG_WARN_DIRECT_OBJC_ISA_USAGE = YES_ERROR;
				CLANG_WARN_DOCUMENTATION_COMMENTS = YES;
				CLANG_WARN_EMPTY_BODY = YES;
				CLANG_WARN_ENUM_CONVERSION = YES;
				CLANG_WARN_INFINITE_RECURSION = YES;
				CLANG_WARN_INT_CONVERSION = YES;
				CLANG_WARN_NON_LITERAL_NULL_CONVERSION = YES;
				CLANG_WARN_OBJC_LITERAL_CONVERSION = YES;
				CLANG_WARN_OBJC_ROOT_CLASS = YES_ERROR;
				CLANG_WARN_RANGE_LOOP_ANALYSIS = YES;
				CLANG_WARN_STRICT_PROTOTYPES = YES;
				CLANG_WARN_SUSPICIOUS_MOVE = YES;
				CLANG_WARN_UNGUARDED_AVAILABILITY = YES_AGGRESSIVE;
				CLANG_WARN_UNREACHABLE_CODE = YES;
				CLANG_WARN__DUPLICATE_METHOD_MATCH = YES;
				CODE_SIGN_IDENTITY = "iPhone Developer";
				COPY_PHASE_STRIP = NO;
				DEBUG_INFORMATION_FORMAT = dwarf;
				ENABLE_STRICT_OBJC_MSGSEND = YES;
				ENABLE_TESTABILITY = YES;
				GCC_C_LANGUAGE_STANDARD = gnu11;
				GCC_DYNAMIC_NO_PIC = NO;
				GCC_NO_COMMON_BLOCKS = YES;
				GCC_OPTIMIZATION_LEVEL = 0;
				GCC_PREPROCESSOR_DEFINITIONS = (
					"DEBUG=1",
					"$(inherited)",
				);
				GCC_WARN_64_TO_32_BIT_CONVERSION = YES;
				GCC_WARN_ABOUT_RETURN_TYPE = YES_ERROR;
				GCC_WARN_UNDECLARED_SELECTOR = YES;
				GCC_WARN_UNINITIALIZED_AUTOS = YES_AGGRESSIVE;
				GCC_WARN_UNUSED_FUNCTION = YES;
				GCC_WARN_UNUSED_VARIABLE = YES;
				IPHONEOS_DEPLOYMENT_TARGET = 11.1;
				MTL_ENABLE_DEBUG_INFO = YES;
				ONLY_ACTIVE_ARCH = YES;
				SDKROOT = iphoneos;
				SWIFT_ACTIVE_COMPILATION_CONDITIONS = DEBUG;
				SWIFT_OPTIMIZATION_LEVEL = "-Onone";
			};
			name = Debug;
		};
		60E8A4DC1FCE4896000C5401 /* Release */ = {
			isa = XCBuildConfiguration;
			buildSettings = {
				ALWAYS_SEARCH_USER_PATHS = NO;
				CLANG_ANALYZER_NONNULL = YES;
				CLANG_ANALYZER_NUMBER_OBJECT_CONVERSION = YES_AGGRESSIVE;
				CLANG_CXX_LANGUAGE_STANDARD = "gnu++14";
				CLANG_CXX_LIBRARY = "libc++";
				CLANG_ENABLE_MODULES = YES;
				CLANG_ENABLE_OBJC_ARC = YES;
				CLANG_WARN_BLOCK_CAPTURE_AUTORELEASING = YES;
				CLANG_WARN_BOOL_CONVERSION = YES;
				CLANG_WARN_COMMA = YES;
				CLANG_WARN_CONSTANT_CONVERSION = YES;
				CLANG_WARN_DIRECT_OBJC_ISA_USAGE = YES_ERROR;
				CLANG_WARN_DOCUMENTATION_COMMENTS = YES;
				CLANG_WARN_EMPTY_BODY = YES;
				CLANG_WARN_ENUM_CONVERSION = YES;
				CLANG_WARN_INFINITE_RECURSION = YES;
				CLANG_WARN_INT_CONVERSION = YES;
				CLANG_WARN_NON_LITERAL_NULL_CONVERSION = YES;
				CLANG_WARN_OBJC_LITERAL_CONVERSION = YES;
				CLANG_WARN_OBJC_ROOT_CLASS = YES_ERROR;
				CLANG_WARN_RANGE_LOOP_ANALYSIS = YES;
				CLANG_WARN_STRICT_PROTOTYPES = YES;
				CLANG_WARN_SUSPICIOUS_MOVE = YES;
				CLANG_WARN_UNGUARDED_AVAILABILITY = YES_AGGRESSIVE;
				CLANG_WARN_UNREACHABLE_CODE = YES;
				CLANG_WARN__DUPLICATE_METHOD_MATCH = YES;
				CODE_SIGN_IDENTITY = "iPhone Developer";
				COPY_PHASE_STRIP = NO;
				DEBUG_INFORMATION_FORMAT = "dwarf-with-dsym";
				ENABLE_NS_ASSERTIONS = NO;
				ENABLE_STRICT_OBJC_MSGSEND = YES;
				GCC_C_LANGUAGE_STANDARD = gnu11;
				GCC_NO_COMMON_BLOCKS = YES;
				GCC_WARN_64_TO_32_BIT_CONVERSION = YES;
				GCC_WARN_ABOUT_RETURN_TYPE = YES_ERROR;
				GCC_WARN_UNDECLARED_SELECTOR = YES;
				GCC_WARN_UNINITIALIZED_AUTOS = YES_AGGRESSIVE;
				GCC_WARN_UNUSED_FUNCTION = YES;
				GCC_WARN_UNUSED_VARIABLE = YES;
				IPHONEOS_DEPLOYMENT_TARGET = 11.1;
				MTL_ENABLE_DEBUG_INFO = NO;
				SDKROOT = iphoneos;
				SWIFT_OPTIMIZATION_LEVEL = "-Owholemodule";
				VALIDATE_PRODUCT = YES;
			};
			name = Release;
		};
		60E8A4DE1FCE4896000C5401 /* Debug */ = {
			isa = XCBuildConfiguration;
			baseConfigurationReference = 40C5C7C4869C844CBDA31FB5 /* Pods-Makestagram.debug.xcconfig */;
			buildSettings = {
				ASSETCATALOG_COMPILER_APPICON_NAME = AppIcon;
				CODE_SIGN_STYLE = Automatic;
				DEVELOPMENT_TEAM = JMF59J5MN8;
				INFOPLIST_FILE = "$(SRCROOT)/Makestagram/Supporting Files/Info.plist";
				LD_RUNPATH_SEARCH_PATHS = "$(inherited) @executable_path/Frameworks";
				PRODUCT_BUNDLE_IDENTIFIER = "com.insert-Ha.Makestagram";
				PRODUCT_NAME = "$(TARGET_NAME)";
				SWIFT_VERSION = 4.0;
				TARGETED_DEVICE_FAMILY = "1,2";
			};
			name = Debug;
		};
		60E8A4DF1FCE4896000C5401 /* Release */ = {
			isa = XCBuildConfiguration;
			baseConfigurationReference = 73079EEDA4167CBCCA6A8B44 /* Pods-Makestagram.release.xcconfig */;
			buildSettings = {
				ASSETCATALOG_COMPILER_APPICON_NAME = AppIcon;
				CODE_SIGN_STYLE = Automatic;
				DEVELOPMENT_TEAM = JMF59J5MN8;
				INFOPLIST_FILE = "$(SRCROOT)/Makestagram/Supporting Files/Info.plist";
				LD_RUNPATH_SEARCH_PATHS = "$(inherited) @executable_path/Frameworks";
				PRODUCT_BUNDLE_IDENTIFIER = "com.insert-Ha.Makestagram";
				PRODUCT_NAME = "$(TARGET_NAME)";
				SWIFT_VERSION = 4.0;
				TARGETED_DEVICE_FAMILY = "1,2";
			};
			name = Release;
		};
/* End XCBuildConfiguration section */

/* Begin XCConfigurationList section */
		60E8A4C61FCE4896000C5401 /* Build configuration list for PBXProject "Makestagram" */ = {
			isa = XCConfigurationList;
			buildConfigurations = (
				60E8A4DB1FCE4896000C5401 /* Debug */,
				60E8A4DC1FCE4896000C5401 /* Release */,
			);
			defaultConfigurationIsVisible = 0;
			defaultConfigurationName = Release;
		};
		60E8A4DD1FCE4896000C5401 /* Build configuration list for PBXNativeTarget "Makestagram" */ = {
			isa = XCConfigurationList;
			buildConfigurations = (
				60E8A4DE1FCE4896000C5401 /* Debug */,
				60E8A4DF1FCE4896000C5401 /* Release */,
			);
			defaultConfigurationIsVisible = 0;
			defaultConfigurationName = Release;
		};
/* End XCConfigurationList section */
	};
	rootObject = 60E8A4C31FCE4895000C5401 /* Project object */;
}
